
Microsoft Visual Studio Solution File, Format Version 12.00
# Visual Studio 15
VisualStudioVersion = 15.0.27703.2047
MinimumVisualStudioVersion = 10.0.40219.1
Project("{FAE04EC0-301F-11D3-BF4B-00C04F79EFBC}") = "CG 6-4 date difference", "CG 6-4 date difference\CG 6-4 date difference.csproj", "{ADE0CAB3-1782-438F-BD42-719289AD437B}"
EndProject
Global
	GlobalSection(SolutionConfigurationPlatforms) = preSolution
		Debug|Any CPU = Debug|Any CPU
		Release|Any CPU = Release|Any CPU
	EndGlobalSection
	GlobalSection(ProjectConfigurationPlatforms) = postSolution
		{ADE0CAB3-1782-438F-BD42-719289AD437B}.Debug|Any CPU.ActiveCfg = Debug|Any CPU
		{ADE0CAB3-1782-438F-BD42-719289AD437B}.Debug|Any CPU.Build.0 = Debug|Any CPU
		{ADE0CAB3-1782-438F-BD42-719289AD437B}.Release|Any CPU.ActiveCfg = Release|Any CPU
		{ADE0CAB3-1782-438F-BD42-719289AD437B}.Release|Any CPU.Build.0 = Release|Any CPU
	EndGlobalSection
	GlobalSection(SolutionProperties) = preSolution
		HideSolutionNode = FALSE
	EndGlobalSection
	GlobalSection(ExtensibilityGlobals) = postSolution
		SolutionGuid = {8EB49631-2FB1-4D9B-9C14-61DA93ABB6CB}
	EndGlobalSection
EndGlobal
